// !$*UTF8*$!
{
	archiveVersion = 1;
	classes = {
	};
	objectVersion = 51;
	objects = {

/* Begin PBXBuildFile section */
		101E49EBEE47EE3879547602 /* Pods_Flixster_iOS.framework in Frameworks */ = {isa = PBXBuildFile; fileRef = F2236F2B4B74BECDBE44FBB4 /* Pods_Flixster_iOS.framework */; };
		9F0AB9623AE65647CB4F4F43 /* Pods_Flixster_iOSTests.framework in Frameworks */ = {isa = PBXBuildFile; fileRef = BC74DE800BA433E9AFBAF39A /* Pods_Flixster_iOSTests.framework */; };
		B6110698252642880048B2AD /* MovieGridViewController.swift in Sources */ = {isa = PBXBuildFile; fileRef = B6110697252642880048B2AD /* MovieGridViewController.swift */; };
		B611069D252674750048B2AD /* MovieGridCell.swift in Sources */ = {isa = PBXBuildFile; fileRef = B611069C252674750048B2AD /* MovieGridCell.swift */; };
		B65BB537251BFDDD00C598A5 /* AppDelegate.swift in Sources */ = {isa = PBXBuildFile; fileRef = B65BB536251BFDDD00C598A5 /* AppDelegate.swift */; };
		B65BB539251BFDDD00C598A5 /* SceneDelegate.swift in Sources */ = {isa = PBXBuildFile; fileRef = B65BB538251BFDDD00C598A5 /* SceneDelegate.swift */; };
		B65BB53E251BFDDD00C598A5 /* Main.storyboard in Resources */ = {isa = PBXBuildFile; fileRef = B65BB53C251BFDDD00C598A5 /* Main.storyboard */; };
		B65BB540251BFDE200C598A5 /* Assets.xcassets in Resources */ = {isa = PBXBuildFile; fileRef = B65BB53F251BFDE200C598A5 /* Assets.xcassets */; };
		B65BB543251BFDE200C598A5 /* LaunchScreen.storyboard in Resources */ = {isa = PBXBuildFile; fileRef = B65BB541251BFDE200C598A5 /* LaunchScreen.storyboard */; };
		B65BB54E251BFDE300C598A5 /* Flixster_iOSTests.swift in Sources */ = {isa = PBXBuildFile; fileRef = B65BB54D251BFDE300C598A5 /* Flixster_iOSTests.swift */; };
		B65BB559251BFDE300C598A5 /* Flixster_iOSUITests.swift in Sources */ = {isa = PBXBuildFile; fileRef = B65BB558251BFDE300C598A5 /* Flixster_iOSUITests.swift */; };
		B65BB56D251BFFF300C598A5 /* MoviesViewController.swift in Sources */ = {isa = PBXBuildFile; fileRef = B65BB56C251BFFF300C598A5 /* MoviesViewController.swift */; };
		B65BB572251D3AD800C598A5 /* MovieCell.swift in Sources */ = {isa = PBXBuildFile; fileRef = B65BB571251D3AD800C598A5 /* MovieCell.swift */; };
		B68124642523D250009A66D7 /* MovieDetailsViewController.swift in Sources */ = {isa = PBXBuildFile; fileRef = B68124632523D250009A66D7 /* MovieDetailsViewController.swift */; };
		B9EE17A28F180D9CD566318B /* Pods_Flixster_iOS_Flixster_iOSUITests.framework in Frameworks */ = {isa = PBXBuildFile; fileRef = E963F67AB1DE22AE090E1167 /* Pods_Flixster_iOS_Flixster_iOSUITests.framework */; };
/* End PBXBuildFile section */

/* Begin PBXContainerItemProxy section */
		B65BB54A251BFDE300C598A5 /* PBXContainerItemProxy */ = {
			isa = PBXContainerItemProxy;
			containerPortal = B65BB52B251BFDDD00C598A5 /* Project object */;
			proxyType = 1;
			remoteGlobalIDString = B65BB532251BFDDD00C598A5;
			remoteInfo = Flixster_iOS;
		};
		B65BB555251BFDE300C598A5 /* PBXContainerItemProxy */ = {
			isa = PBXContainerItemProxy;
			containerPortal = B65BB52B251BFDDD00C598A5 /* Project object */;
			proxyType = 1;
			remoteGlobalIDString = B65BB532251BFDDD00C598A5;
			remoteInfo = Flixster_iOS;
		};
/* End PBXContainerItemProxy section */

/* Begin PBXFileReference section */
		726439D069CD3357955B0559 /* Pods-Flixster_iOS-Flixster_iOSUITests.release.xcconfig */ = {isa = PBXFileReference; includeInIndex = 1; lastKnownFileType = text.xcconfig; name = "Pods-Flixster_iOS-Flixster_iOSUITests.release.xcconfig"; path = "Target Support Files/Pods-Flixster_iOS-Flixster_iOSUITests/Pods-Flixster_iOS-Flixster_iOSUITests.release.xcconfig"; sourceTree = "<group>"; };
		823B71158EDA047199F4DE94 /* Pods-Flixster_iOSTests.debug.xcconfig */ = {isa = PBXFileReference; includeInIndex = 1; lastKnownFileType = text.xcconfig; name = "Pods-Flixster_iOSTests.debug.xcconfig"; path = "Target Support Files/Pods-Flixster_iOSTests/Pods-Flixster_iOSTests.debug.xcconfig"; sourceTree = "<group>"; };
		91311DD52D7DB41410140744 /* Pods-Flixster_iOS.debug.xcconfig */ = {isa = PBXFileReference; includeInIndex = 1; lastKnownFileType = text.xcconfig; name = "Pods-Flixster_iOS.debug.xcconfig"; path = "Target Support Files/Pods-Flixster_iOS/Pods-Flixster_iOS.debug.xcconfig"; sourceTree = "<group>"; };
		B6110697252642880048B2AD /* MovieGridViewController.swift */ = {isa = PBXFileReference; lastKnownFileType = sourcecode.swift; path = MovieGridViewController.swift; sourceTree = "<group>"; };
		B611069C252674750048B2AD /* MovieGridCell.swift */ = {isa = PBXFileReference; lastKnownFileType = sourcecode.swift; path = MovieGridCell.swift; sourceTree = "<group>"; };
		B65BB533251BFDDD00C598A5 /* Flixster_iOS.app */ = {isa = PBXFileReference; explicitFileType = wrapper.application; includeInIndex = 0; path = Flixster_iOS.app; sourceTree = BUILT_PRODUCTS_DIR; };
		B65BB536251BFDDD00C598A5 /* AppDelegate.swift */ = {isa = PBXFileReference; lastKnownFileType = sourcecode.swift; path = AppDelegate.swift; sourceTree = "<group>"; };
		B65BB538251BFDDD00C598A5 /* SceneDelegate.swift */ = {isa = PBXFileReference; lastKnownFileType = sourcecode.swift; path = SceneDelegate.swift; sourceTree = "<group>"; };
		B65BB53D251BFDDD00C598A5 /* Base */ = {isa = PBXFileReference; lastKnownFileType = file.storyboard; name = Base; path = Base.lproj/Main.storyboard; sourceTree = "<group>"; };
		B65BB53F251BFDE200C598A5 /* Assets.xcassets */ = {isa = PBXFileReference; lastKnownFileType = folder.assetcatalog; path = Assets.xcassets; sourceTree = "<group>"; };
		B65BB542251BFDE200C598A5 /* Base */ = {isa = PBXFileReference; lastKnownFileType = file.storyboard; name = Base; path = Base.lproj/LaunchScreen.storyboard; sourceTree = "<group>"; };
		B65BB544251BFDE200C598A5 /* Info.plist */ = {isa = PBXFileReference; lastKnownFileType = text.plist.xml; path = Info.plist; sourceTree = "<group>"; };
		B65BB549251BFDE300C598A5 /* Flixster_iOSTests.xctest */ = {isa = PBXFileReference; explicitFileType = wrapper.cfbundle; includeInIndex = 0; path = Flixster_iOSTests.xctest; sourceTree = BUILT_PRODUCTS_DIR; };
		B65BB54D251BFDE300C598A5 /* Flixster_iOSTests.swift */ = {isa = PBXFileReference; lastKnownFileType = sourcecode.swift; path = Flixster_iOSTests.swift; sourceTree = "<group>"; };
		B65BB54F251BFDE300C598A5 /* Info.plist */ = {isa = PBXFileReference; lastKnownFileType = text.plist.xml; path = Info.plist; sourceTree = "<group>"; };
		B65BB554251BFDE300C598A5 /* Flixster_iOSUITests.xctest */ = {isa = PBXFileReference; explicitFileType = wrapper.cfbundle; includeInIndex = 0; path = Flixster_iOSUITests.xctest; sourceTree = BUILT_PRODUCTS_DIR; };
		B65BB558251BFDE300C598A5 /* Flixster_iOSUITests.swift */ = {isa = PBXFileReference; lastKnownFileType = sourcecode.swift; path = Flixster_iOSUITests.swift; sourceTree = "<group>"; };
		B65BB55A251BFDE300C598A5 /* Info.plist */ = {isa = PBXFileReference; lastKnownFileType = text.plist.xml; path = Info.plist; sourceTree = "<group>"; };
		B65BB56C251BFFF300C598A5 /* MoviesViewController.swift */ = {isa = PBXFileReference; lastKnownFileType = sourcecode.swift; path = MoviesViewController.swift; sourceTree = "<group>"; };
		B65BB571251D3AD800C598A5 /* MovieCell.swift */ = {isa = PBXFileReference; lastKnownFileType = sourcecode.swift; path = MovieCell.swift; sourceTree = "<group>"; };
		B68124632523D250009A66D7 /* MovieDetailsViewController.swift */ = {isa = PBXFileReference; lastKnownFileType = sourcecode.swift; path = MovieDetailsViewController.swift; sourceTree = "<group>"; };
		BC74DE800BA433E9AFBAF39A /* Pods_Flixster_iOSTests.framework */ = {isa = PBXFileReference; explicitFileType = wrapper.framework; includeInIndex = 0; path = Pods_Flixster_iOSTests.framework; sourceTree = BUILT_PRODUCTS_DIR; };
		E4C389EC15F4BC606548C6F7 /* Pods-Flixster_iOS.release.xcconfig */ = {isa = PBXFileReference; includeInIndex = 1; lastKnownFileType = text.xcconfig; name = "Pods-Flixster_iOS.release.xcconfig"; path = "Target Support Files/Pods-Flixster_iOS/Pods-Flixster_iOS.release.xcconfig"; sourceTree = "<group>"; };
		E963F67AB1DE22AE090E1167 /* Pods_Flixster_iOS_Flixster_iOSUITests.framework */ = {isa = PBXFileReference; explicitFileType = wrapper.framework; includeInIndex = 0; path = Pods_Flixster_iOS_Flixster_iOSUITests.framework; sourceTree = BUILT_PRODUCTS_DIR; };
		EEC8D712947C2DAFC8959B2F /* Pods-Flixster_iOSTests.release.xcconfig */ = {isa = PBXFileReference; includeInIndex = 1; lastKnownFileType = text.xcconfig; name = "Pods-Flixster_iOSTests.release.xcconfig"; path = "Target Support Files/Pods-Flixster_iOSTests/Pods-Flixster_iOSTests.release.xcconfig"; sourceTree = "<group>"; };
		EFC82DD11F033A6D7C7FE77D /* Pods-Flixster_iOS-Flixster_iOSUITests.debug.xcconfig */ = {isa = PBXFileReference; includeInIndex = 1; lastKnownFileType = text.xcconfig; name = "Pods-Flixster_iOS-Flixster_iOSUITests.debug.xcconfig"; path = "Target Support Files/Pods-Flixster_iOS-Flixster_iOSUITests/Pods-Flixster_iOS-Flixster_iOSUITests.debug.xcconfig"; sourceTree = "<group>"; };
		F2236F2B4B74BECDBE44FBB4 /* Pods_Flixster_iOS.framework */ = {isa = PBXFileReference; explicitFileType = wrapper.framework; includeInIndex = 0; path = Pods_Flixster_iOS.framework; sourceTree = BUILT_PRODUCTS_DIR; };
/* End PBXFileReference section */

/* Begin PBXFrameworksBuildPhase section */
		B65BB530251BFDDD00C598A5 /* Frameworks */ = {
			isa = PBXFrameworksBuildPhase;
			buildActionMask = 2147483647;
			files = (
				101E49EBEE47EE3879547602 /* Pods_Flixster_iOS.framework in Frameworks */,
			);
			runOnlyForDeploymentPostprocessing = 0;
		};
		B65BB546251BFDE300C598A5 /* Frameworks */ = {
			isa = PBXFrameworksBuildPhase;
			buildActionMask = 2147483647;
			files = (
				9F0AB9623AE65647CB4F4F43 /* Pods_Flixster_iOSTests.framework in Frameworks */,
			);
			runOnlyForDeploymentPostprocessing = 0;
		};
		B65BB551251BFDE300C598A5 /* Frameworks */ = {
			isa = PBXFrameworksBuildPhase;
			buildActionMask = 2147483647;
			files = (
				B9EE17A28F180D9CD566318B /* Pods_Flixster_iOS_Flixster_iOSUITests.framework in Frameworks */,
			);
			runOnlyForDeploymentPostprocessing = 0;
		};
/* End PBXFrameworksBuildPhase section */

/* Begin PBXGroup section */
		572233C8BD47FCF1DBB28C3D /* Frameworks */ = {
			isa = PBXGroup;
			children = (
				F2236F2B4B74BECDBE44FBB4 /* Pods_Flixster_iOS.framework */,
				E963F67AB1DE22AE090E1167 /* Pods_Flixster_iOS_Flixster_iOSUITests.framework */,
				BC74DE800BA433E9AFBAF39A /* Pods_Flixster_iOSTests.framework */,
			);
			name = Frameworks;
			sourceTree = "<group>";
		};
		72B768597E71190CC8B24949 /* Pods */ = {
			isa = PBXGroup;
			children = (
				91311DD52D7DB41410140744 /* Pods-Flixster_iOS.debug.xcconfig */,
				E4C389EC15F4BC606548C6F7 /* Pods-Flixster_iOS.release.xcconfig */,
				EFC82DD11F033A6D7C7FE77D /* Pods-Flixster_iOS-Flixster_iOSUITests.debug.xcconfig */,
				726439D069CD3357955B0559 /* Pods-Flixster_iOS-Flixster_iOSUITests.release.xcconfig */,
				823B71158EDA047199F4DE94 /* Pods-Flixster_iOSTests.debug.xcconfig */,
				EEC8D712947C2DAFC8959B2F /* Pods-Flixster_iOSTests.release.xcconfig */,
			);
			path = Pods;
			sourceTree = "<group>";
		};
		B65BB52A251BFDDD00C598A5 = {
			isa = PBXGroup;
			children = (
				B65BB535251BFDDD00C598A5 /* Flixster_iOS */,
				B65BB54C251BFDE300C598A5 /* Flixster_iOSTests */,
				B65BB557251BFDE300C598A5 /* Flixster_iOSUITests */,
				B65BB534251BFDDD00C598A5 /* Products */,
				72B768597E71190CC8B24949 /* Pods */,
				572233C8BD47FCF1DBB28C3D /* Frameworks */,
			);
			sourceTree = "<group>";
		};
		B65BB534251BFDDD00C598A5 /* Products */ = {
			isa = PBXGroup;
			children = (
				B65BB533251BFDDD00C598A5 /* Flixster_iOS.app */,
				B65BB549251BFDE300C598A5 /* Flixster_iOSTests.xctest */,
				B65BB554251BFDE300C598A5 /* Flixster_iOSUITests.xctest */,
			);
			name = Products;
			sourceTree = "<group>";
		};
		B65BB535251BFDDD00C598A5 /* Flixster_iOS */ = {
			isa = PBXGroup;
			children = (
				B65BB536251BFDDD00C598A5 /* AppDelegate.swift */,
				B65BB538251BFDDD00C598A5 /* SceneDelegate.swift */,
				B65BB53C251BFDDD00C598A5 /* Main.storyboard */,
				B65BB571251D3AD800C598A5 /* MovieCell.swift */,
				B65BB53F251BFDE200C598A5 /* Assets.xcassets */,
				B65BB541251BFDE200C598A5 /* LaunchScreen.storyboard */,
				B65BB544251BFDE200C598A5 /* Info.plist */,
				B65BB56C251BFFF300C598A5 /* MoviesViewController.swift */,
				B68124632523D250009A66D7 /* MovieDetailsViewController.swift */,
				B6110697252642880048B2AD /* MovieGridViewController.swift */,
				B611069C252674750048B2AD /* MovieGridCell.swift */,
			);
			path = Flixster_iOS;
			sourceTree = "<group>";
		};
		B65BB54C251BFDE300C598A5 /* Flixster_iOSTests */ = {
			isa = PBXGroup;
			children = (
				B65BB54D251BFDE300C598A5 /* Flixster_iOSTests.swift */,
				B65BB54F251BFDE300C598A5 /* Info.plist */,
			);
			path = Flixster_iOSTests;
			sourceTree = "<group>";
		};
		B65BB557251BFDE300C598A5 /* Flixster_iOSUITests */ = {
			isa = PBXGroup;
			children = (
				B65BB558251BFDE300C598A5 /* Flixster_iOSUITests.swift */,
				B65BB55A251BFDE300C598A5 /* Info.plist */,
			);
			path = Flixster_iOSUITests;
			sourceTree = "<group>";
		};
/* End PBXGroup section */

/* Begin PBXNativeTarget section */
		B65BB532251BFDDD00C598A5 /* Flixster_iOS */ = {
			isa = PBXNativeTarget;
			buildConfigurationList = B65BB55D251BFDE300C598A5 /* Build configuration list for PBXNativeTarget "Flixster_iOS" */;
			buildPhases = (
				E43BE043D246581986FE1AA1 /* [CP] Check Pods Manifest.lock */,
				B65BB52F251BFDDD00C598A5 /* Sources */,
				B65BB530251BFDDD00C598A5 /* Frameworks */,
				B65BB531251BFDDD00C598A5 /* Resources */,
				90048D4154E6392B10A7D667 /* [CP] Embed Pods Frameworks */,
			);
			buildRules = (
			);
			dependencies = (
			);
			name = Flixster_iOS;
			productName = Flixster_iOS;
			productReference = B65BB533251BFDDD00C598A5 /* Flixster_iOS.app */;
			productType = "com.apple.product-type.application";
		};
		B65BB548251BFDE300C598A5 /* Flixster_iOSTests */ = {
			isa = PBXNativeTarget;
			buildConfigurationList = B65BB560251BFDE300C598A5 /* Build configuration list for PBXNativeTarget "Flixster_iOSTests" */;
			buildPhases = (
				945BB355011035A5524281F6 /* [CP] Check Pods Manifest.lock */,
				B65BB545251BFDE300C598A5 /* Sources */,
				B65BB546251BFDE300C598A5 /* Frameworks */,
				B65BB547251BFDE300C598A5 /* Resources */,
			);
			buildRules = (
			);
			dependencies = (
				B65BB54B251BFDE300C598A5 /* PBXTargetDependency */,
			);
			name = Flixster_iOSTests;
			productName = Flixster_iOSTests;
			productReference = B65BB549251BFDE300C598A5 /* Flixster_iOSTests.xctest */;
			productType = "com.apple.product-type.bundle.unit-test";
		};
		B65BB553251BFDE300C598A5 /* Flixster_iOSUITests */ = {
			isa = PBXNativeTarget;
			buildConfigurationList = B65BB563251BFDE300C598A5 /* Build configuration list for PBXNativeTarget "Flixster_iOSUITests" */;
			buildPhases = (
				3D81F10FD82FA13A8BBBB226 /* [CP] Check Pods Manifest.lock */,
				B65BB550251BFDE300C598A5 /* Sources */,
				B65BB551251BFDE300C598A5 /* Frameworks */,
				B65BB552251BFDE300C598A5 /* Resources */,
				B047CFA6AEBB0561077A5196 /* [CP] Embed Pods Frameworks */,
			);
			buildRules = (
			);
			dependencies = (
				B65BB556251BFDE300C598A5 /* PBXTargetDependency */,
			);
			name = Flixster_iOSUITests;
			productName = Flixster_iOSUITests;
			productReference = B65BB554251BFDE300C598A5 /* Flixster_iOSUITests.xctest */;
			productType = "com.apple.product-type.bundle.ui-testing";
		};
/* End PBXNativeTarget section */

/* Begin PBXProject section */
		B65BB52B251BFDDD00C598A5 /* Project object */ = {
			isa = PBXProject;
			attributes = {
				LastSwiftUpdateCheck = 1200;
				LastUpgradeCheck = 1200;
				TargetAttributes = {
					B65BB532251BFDDD00C598A5 = {
						CreatedOnToolsVersion = 12.0;
					};
					B65BB548251BFDE300C598A5 = {
						CreatedOnToolsVersion = 12.0;
						TestTargetID = B65BB532251BFDDD00C598A5;
					};
					B65BB553251BFDE300C598A5 = {
						CreatedOnToolsVersion = 12.0;
						TestTargetID = B65BB532251BFDDD00C598A5;
					};
				};
			};
			buildConfigurationList = B65BB52E251BFDDD00C598A5 /* Build configuration list for PBXProject "Flixster_iOS" */;
			compatibilityVersion = "Xcode 9.3";
			developmentRegion = en;
			hasScannedForEncodings = 0;
			knownRegions = (
				en,
				Base,
			);
			mainGroup = B65BB52A251BFDDD00C598A5;
			productRefGroup = B65BB534251BFDDD00C598A5 /* Products */;
			projectDirPath = "";
			projectRoot = "";
			targets = (
				B65BB532251BFDDD00C598A5 /* Flixster_iOS */,
				B65BB548251BFDE300C598A5 /* Flixster_iOSTests */,
				B65BB553251BFDE300C598A5 /* Flixster_iOSUITests */,
			);
		};
/* End PBXProject section */

/* Begin PBXResourcesBuildPhase section */
		B65BB531251BFDDD00C598A5 /* Resources */ = {
			isa = PBXResourcesBuildPhase;
			buildActionMask = 2147483647;
			files = (
				B65BB543251BFDE200C598A5 /* LaunchScreen.storyboard in Resources */,
				B65BB540251BFDE200C598A5 /* Assets.xcassets in Resources */,
				B65BB53E251BFDDD00C598A5 /* Main.storyboard in Resources */,
			);
			runOnlyForDeploymentPostprocessing = 0;
		};
		B65BB547251BFDE300C598A5 /* Resources */ = {
			isa = PBXResourcesBuildPhase;
			buildActionMask = 2147483647;
			files = (
			);
			runOnlyForDeploymentPostprocessing = 0;
		};
		B65BB552251BFDE300C598A5 /* Resources */ = {
			isa = PBXResourcesBuildPhase;
			buildActionMask = 2147483647;
			files = (
			);
			runOnlyForDeploymentPostprocessing = 0;
		};
/* End PBXResourcesBuildPhase section */

/* Begin PBXShellScriptBuildPhase section */
		3D81F10FD82FA13A8BBBB226 /* [CP] Check Pods Manifest.lock */ = {
			isa = PBXShellScriptBuildPhase;
			buildActionMask = 2147483647;
			files = (
			);
			inputFileListPaths = (
			);
			inputPaths = (
				"${PODS_PODFILE_DIR_PATH}/Podfile.lock",
				"${PODS_ROOT}/Manifest.lock",
			);
			name = "[CP] Check Pods Manifest.lock";
			outputFileListPaths = (
			);
			outputPaths = (
				"$(DERIVED_FILE_DIR)/Pods-Flixster_iOS-Flixster_iOSUITests-checkManifestLockResult.txt",
			);
			runOnlyForDeploymentPostprocessing = 0;
			shellPath = /bin/sh;
			shellScript = "diff \"${PODS_PODFILE_DIR_PATH}/Podfile.lock\" \"${PODS_ROOT}/Manifest.lock\" > /dev/null\nif [ $? != 0 ] ; then\n    # print error to STDERR\n    echo \"error: The sandbox is not in sync with the Podfile.lock. Run 'pod install' or update your CocoaPods installation.\" >&2\n    exit 1\nfi\n# This output is used by Xcode 'outputs' to avoid re-running this script phase.\necho \"SUCCESS\" > \"${SCRIPT_OUTPUT_FILE_0}\"\n";
			showEnvVarsInLog = 0;
		};
		90048D4154E6392B10A7D667 /* [CP] Embed Pods Frameworks */ = {
			isa = PBXShellScriptBuildPhase;
			buildActionMask = 2147483647;
			files = (
			);
			inputFileListPaths = (
				"${PODS_ROOT}/Target Support Files/Pods-Flixster_iOS/Pods-Flixster_iOS-frameworks-${CONFIGURATION}-input-files.xcfilelist",
			);
			name = "[CP] Embed Pods Frameworks";
			outputFileListPaths = (
				"${PODS_ROOT}/Target Support Files/Pods-Flixster_iOS/Pods-Flixster_iOS-frameworks-${CONFIGURATION}-output-files.xcfilelist",
			);
			runOnlyForDeploymentPostprocessing = 0;
			shellPath = /bin/sh;
			shellScript = "\"${PODS_ROOT}/Target Support Files/Pods-Flixster_iOS/Pods-Flixster_iOS-frameworks.sh\"\n";
			showEnvVarsInLog = 0;
		};
		945BB355011035A5524281F6 /* [CP] Check Pods Manifest.lock */ = {
			isa = PBXShellScriptBuildPhase;
			buildActionMask = 2147483647;
			files = (
			);
			inputFileListPaths = (
			);
			inputPaths = (
				"${PODS_PODFILE_DIR_PATH}/Podfile.lock",
				"${PODS_ROOT}/Manifest.lock",
			);
			name = "[CP] Check Pods Manifest.lock";
			outputFileListPaths = (
			);
			outputPaths = (
				"$(DERIVED_FILE_DIR)/Pods-Flixster_iOSTests-checkManifestLockResult.txt",
			);
			runOnlyForDeploymentPostprocessing = 0;
			shellPath = /bin/sh;
			shellScript = "diff \"${PODS_PODFILE_DIR_PATH}/Podfile.lock\" \"${PODS_ROOT}/Manifest.lock\" > /dev/null\nif [ $? != 0 ] ; then\n    # print error to STDERR\n    echo \"error: The sandbox is not in sync with the Podfile.lock. Run 'pod install' or update your CocoaPods installation.\" >&2\n    exit 1\nfi\n# This output is used by Xcode 'outputs' to avoid re-running this script phase.\necho \"SUCCESS\" > \"${SCRIPT_OUTPUT_FILE_0}\"\n";
			showEnvVarsInLog = 0;
		};
		B047CFA6AEBB0561077A5196 /* [CP] Embed Pods Frameworks */ = {
			isa = PBXShellScriptBuildPhase;
			buildActionMask = 2147483647;
			files = (
			);
			inputFileListPaths = (
				"${PODS_ROOT}/Target Support Files/Pods-Flixster_iOS-Flixster_iOSUITests/Pods-Flixster_iOS-Flixster_iOSUITests-frameworks-${CONFIGURATION}-input-files.xcfilelist",
			);
			name = "[CP] Embed Pods Frameworks";
			outputFileListPaths = (
				"${PODS_ROOT}/Target Support Files/Pods-Flixster_iOS-Flixster_iOSUITests/Pods-Flixster_iOS-Flixster_iOSUITests-frameworks-${CONFIGURATION}-output-files.xcfilelist",
			);
			runOnlyForDeploymentPostprocessing = 0;
			shellPath = /bin/sh;
			shellScript = "\"${PODS_ROOT}/Target Support Files/Pods-Flixster_iOS-Flixster_iOSUITests/Pods-Flixster_iOS-Flixster_iOSUITests-frameworks.sh\"\n";
			showEnvVarsInLog = 0;
		};
		E43BE043D246581986FE1AA1 /* [CP] Check Pods Manifest.lock */ = {
			isa = PBXShellScriptBuildPhase;
			buildActionMask = 2147483647;
			files = (
			);
			inputFileListPaths = (
			);
			inputPaths = (
				"${PODS_PODFILE_DIR_PATH}/Podfile.lock",
				"${PODS_ROOT}/Manifest.lock",
			);
			name = "[CP] Check Pods Manifest.lock";
			outputFileListPaths = (
			);
			outputPaths = (
				"$(DERIVED_FILE_DIR)/Pods-Flixster_iOS-checkManifestLockResult.txt",
			);
			runOnlyForDeploymentPostprocessing = 0;
			shellPath = /bin/sh;
			shellScript = "diff \"${PODS_PODFILE_DIR_PATH}/Podfile.lock\" \"${PODS_ROOT}/Manifest.lock\" > /dev/null\nif [ $? != 0 ] ; then\n    # print error to STDERR\n    echo \"error: The sandbox is not in sync with the Podfile.lock. Run 'pod install' or update your CocoaPods installation.\" >&2\n    exit 1\nfi\n# This output is used by Xcode 'outputs' to avoid re-running this script phase.\necho \"SUCCESS\" > \"${SCRIPT_OUTPUT_FILE_0}\"\n";
			showEnvVarsInLog = 0;
		};
/* End PBXShellScriptBuildPhase section */

/* Begin PBXSourcesBuildPhase section */
		B65BB52F251BFDDD00C598A5 /* Sources */ = {
			isa = PBXSourcesBuildPhase;
			buildActionMask = 2147483647;
			files = (
				B68124642523D250009A66D7 /* MovieDetailsViewController.swift in Sources */,
				B65BB537251BFDDD00C598A5 /* AppDelegate.swift in Sources */,
				B65BB539251BFDDD00C598A5 /* SceneDelegate.swift in Sources */,
				B65BB572251D3AD800C598A5 /* MovieCell.swift in Sources */,
				B65BB56D251BFFF300C598A5 /* MoviesViewController.swift in Sources */,
				B6110698252642880048B2AD /* MovieGridViewController.swift in Sources */,
				B611069D252674750048B2AD /* MovieGridCell.swift in Sources */,
			);
			runOnlyForDeploymentPostprocessing = 0;
		};
		B65BB545251BFDE300C598A5 /* Sources */ = {
			isa = PBXSourcesBuildPhase;
			buildActionMask = 2147483647;
			files = (
				B65BB54E251BFDE300C598A5 /* Flixster_iOSTests.swift in Sources */,
			);
			runOnlyForDeploymentPostprocessing = 0;
		};
		B65BB550251BFDE300C598A5 /* Sources */ = {
			isa = PBXSourcesBuildPhase;
			buildActionMask = 2147483647;
			files = (
				B65BB559251BFDE300C598A5 /* Flixster_iOSUITests.swift in Sources */,
			);
			runOnlyForDeploymentPostprocessing = 0;
		};
/* End PBXSourcesBuildPhase section */

/* Begin PBXTargetDependency section */
		B65BB54B251BFDE300C598A5 /* PBXTargetDependency */ = {
			isa = PBXTargetDependency;
			target = B65BB532251BFDDD00C598A5 /* Flixster_iOS */;
			targetProxy = B65BB54A251BFDE300C598A5 /* PBXContainerItemProxy */;
		};
		B65BB556251BFDE300C598A5 /* PBXTargetDependency */ = {
			isa = PBXTargetDependency;
			target = B65BB532251BFDDD00C598A5 /* Flixster_iOS */;
			targetProxy = B65BB555251BFDE300C598A5 /* PBXContainerItemProxy */;
		};
/* End PBXTargetDependency section */

/* Begin PBXVariantGroup section */
		B65BB53C251BFDDD00C598A5 /* Main.storyboard */ = {
			isa = PBXVariantGroup;
			children = (
				B65BB53D251BFDDD00C598A5 /* Base */,
			);
			name = Main.storyboard;
			sourceTree = "<group>";
		};
		B65BB541251BFDE200C598A5 /* LaunchScreen.storyboard */ = {
			isa = PBXVariantGroup;
			children = (
				B65BB542251BFDE200C598A5 /* Base */,
			);
			name = LaunchScreen.storyboard;
			sourceTree = "<group>";
		};
/* End PBXVariantGroup section */

/* Begin XCBuildConfiguration section */
		B65BB55B251BFDE300C598A5 /* Debug */ = {
			isa = XCBuildConfiguration;
			buildSettings = {
				ALWAYS_SEARCH_USER_PATHS = NO;
				CLANG_ANALYZER_NONNULL = YES;
				CLANG_ANALYZER_NUMBER_OBJECT_CONVERSION = YES_AGGRESSIVE;
				CLANG_CXX_LANGUAGE_STANDARD = "gnu++14";
				CLANG_CXX_LIBRARY = "libc++";
				CLANG_ENABLE_MODULES = YES;
				CLANG_ENABLE_OBJC_ARC = YES;
				CLANG_ENABLE_OBJC_WEAK = YES;
				CLANG_WARN_BLOCK_CAPTURE_AUTORELEASING = YES;
				CLANG_WARN_BOOL_CONVERSION = YES;
				CLANG_WARN_COMMA = YES;
				CLANG_WARN_CONSTANT_CONVERSION = YES;
				CLANG_WARN_DEPRECATED_OBJC_IMPLEMENTATIONS = YES;
				CLANG_WARN_DIRECT_OBJC_ISA_USAGE = YES_ERROR;
				CLANG_WARN_DOCUMENTATION_COMMENTS = YES;
				CLANG_WARN_EMPTY_BODY = YES;
				CLANG_WARN_ENUM_CONVERSION = YES;
				CLANG_WARN_INFINITE_RECURSION = YES;
				CLANG_WARN_INT_CONVERSION = YES;
				CLANG_WARN_NON_LITERAL_NULL_CONVERSION = YES;
				CLANG_WARN_OBJC_IMPLICIT_RETAIN_SELF = YES;
				CLANG_WARN_OBJC_LITERAL_CONVERSION = YES;
				CLANG_WARN_OBJC_ROOT_CLASS = YES_ERROR;
				CLANG_WARN_QUOTED_INCLUDE_IN_FRAMEWORK_HEADER = YES;
				CLANG_WARN_RANGE_LOOP_ANALYSIS = YES;
				CLANG_WARN_STRICT_PROTOTYPES = YES;
				CLANG_WARN_SUSPICIOUS_MOVE = YES;
				CLANG_WARN_UNGUARDED_AVAILABILITY = YES_AGGRESSIVE;
				CLANG_WARN_UNREACHABLE_CODE = YES;
				CLANG_WARN__DUPLICATE_METHOD_MATCH = YES;
				COPY_PHASE_STRIP = NO;
				DEBUG_INFORMATION_FORMAT = dwarf;
				ENABLE_STRICT_OBJC_MSGSEND = YES;
				ENABLE_TESTABILITY = YES;
				GCC_C_LANGUAGE_STANDARD = gnu11;
				GCC_DYNAMIC_NO_PIC = NO;
				GCC_NO_COMMON_BLOCKS = YES;
				GCC_OPTIMIZATION_LEVEL = 0;
				GCC_PREPROCESSOR_DEFINITIONS = (
					"DEBUG=1",
					"$(inherited)",
				);
				GCC_WARN_64_TO_32_BIT_CONVERSION = YES;
				GCC_WARN_ABOUT_RETURN_TYPE = YES_ERROR;
				GCC_WARN_UNDECLARED_SELECTOR = YES;
				GCC_WARN_UNINITIALIZED_AUTOS = YES_AGGRESSIVE;
				GCC_WARN_UNUSED_FUNCTION = YES;
				GCC_WARN_UNUSED_VARIABLE = YES;
				IPHONEOS_DEPLOYMENT_TARGET = 14.0;
				MTL_ENABLE_DEBUG_INFO = INCLUDE_SOURCE;
				MTL_FAST_MATH = YES;
				ONLY_ACTIVE_ARCH = YES;
				SDKROOT = iphoneos;
				SWIFT_ACTIVE_COMPILATION_CONDITIONS = DEBUG;
				SWIFT_OPTIMIZATION_LEVEL = "-Onone";
			};
			name = Debug;
		};
		B65BB55C251BFDE300C598A5 /* Release */ = {
			isa = XCBuildConfiguration;
			buildSettings = {
				ALWAYS_SEARCH_USER_PATHS = NO;
				CLANG_ANALYZER_NONNULL = YES;
				CLANG_ANALYZER_NUMBER_OBJECT_CONVERSION = YES_AGGRESSIVE;
				CLANG_CXX_LANGUAGE_STANDARD = "gnu++14";
				CLANG_CXX_LIBRARY = "libc++";
				CLANG_ENABLE_MODULES = YES;
				CLANG_ENABLE_OBJC_ARC = YES;
				CLANG_ENABLE_OBJC_WEAK = YES;
				CLANG_WARN_BLOCK_CAPTURE_AUTORELEASING = YES;
				CLANG_WARN_BOOL_CONVERSION = YES;
				CLANG_WARN_COMMA = YES;
				CLANG_WARN_CONSTANT_CONVERSION = YES;
				CLANG_WARN_DEPRECATED_OBJC_IMPLEMENTATIONS = YES;
				CLANG_WARN_DIRECT_OBJC_ISA_USAGE = YES_ERROR;
				CLANG_WARN_DOCUMENTATION_COMMENTS = YES;
				CLANG_WARN_EMPTY_BODY = YES;
				CLANG_WARN_ENUM_CONVERSION = YES;
				CLANG_WARN_INFINITE_RECURSION = YES;
				CLANG_WARN_INT_CONVERSION = YES;
				CLANG_WARN_NON_LITERAL_NULL_CONVERSION = YES;
				CLANG_WARN_OBJC_IMPLICIT_RETAIN_SELF = YES;
				CLANG_WARN_OBJC_LITERAL_CONVERSION = YES;
				CLANG_WARN_OBJC_ROOT_CLASS = YES_ERROR;
				CLANG_WARN_QUOTED_INCLUDE_IN_FRAMEWORK_HEADER = YES;
				CLANG_WARN_RANGE_LOOP_ANALYSIS = YES;
				CLANG_WARN_STRICT_PROTOTYPES = YES;
				CLANG_WARN_SUSPICIOUS_MOVE = YES;
				CLANG_WARN_UNGUARDED_AVAILABILITY = YES_AGGRESSIVE;
				CLANG_WARN_UNREACHABLE_CODE = YES;
				CLANG_WARN__DUPLICATE_METHOD_MATCH = YES;
				COPY_PHASE_STRIP = NO;
				DEBUG_INFORMATION_FORMAT = "dwarf-with-dsym";
				ENABLE_NS_ASSERTIONS = NO;
				ENABLE_STRICT_OBJC_MSGSEND = YES;
				GCC_C_LANGUAGE_STANDARD = gnu11;
				GCC_NO_COMMON_BLOCKS = YES;
				GCC_WARN_64_TO_32_BIT_CONVERSION = YES;
				GCC_WARN_ABOUT_RETURN_TYPE = YES_ERROR;
				GCC_WARN_UNDECLARED_SELECTOR = YES;
				GCC_WARN_UNINITIALIZED_AUTOS = YES_AGGRESSIVE;
				GCC_WARN_UNUSED_FUNCTION = YES;
				GCC_WARN_UNUSED_VARIABLE = YES;
				IPHONEOS_DEPLOYMENT_TARGET = 14.0;
				MTL_ENABLE_DEBUG_INFO = NO;
				MTL_FAST_MATH = YES;
				SDKROOT = iphoneos;
				SWIFT_COMPILATION_MODE = wholemodule;
				SWIFT_OPTIMIZATION_LEVEL = "-O";
				VALIDATE_PRODUCT = YES;
			};
			name = Release;
		};
		B65BB55E251BFDE300C598A5 /* Debug */ = {
			isa = XCBuildConfiguration;
			baseConfigurationReference = 91311DD52D7DB41410140744 /* Pods-Flixster_iOS.debug.xcconfig */;
			buildSettings = {
				ASSETCATALOG_COMPILER_APPICON_NAME = AppIcon;
				ASSETCATALOG_COMPILER_GLOBAL_ACCENT_COLOR_NAME = AccentColor;
				CODE_SIGN_STYLE = Automatic;
				INFOPLIST_FILE = Flixster_iOS/Info.plist;
				LD_RUNPATH_SEARCH_PATHS = (
					"$(inherited)",
					"@executable_path/Frameworks",
				);
				PRODUCT_BUNDLE_IDENTIFIER = "com.jess-izuu.Flixster-iOS";
				PRODUCT_NAME = "$(TARGET_NAME)";
				SWIFT_VERSION = 5.0;
				TARGETED_DEVICE_FAMILY = "1,2";
			};
			name = Debug;
		};
		B65BB55F251BFDE300C598A5 /* Release */ = {
			isa = XCBuildConfiguration;
			baseConfigurationReference = E4C389EC15F4BC606548C6F7 /* Pods-Flixster_iOS.release.xcconfig */;
			buildSettings = {
				ASSETCATALOG_COMPILER_APPICON_NAME = AppIcon;
				ASSETCATALOG_COMPILER_GLOBAL_ACCENT_COLOR_NAME = AccentColor;
				CODE_SIGN_STYLE = Automatic;
				INFOPLIST_FILE = Flixster_iOS/Info.plist;
				LD_RUNPATH_SEARCH_PATHS = (
					"$(inherited)",
					"@executable_path/Frameworks",
				);
				PRODUCT_BUNDLE_IDENTIFIER = "com.jess-izuu.Flixster-iOS";
				PRODUCT_NAME = "$(TARGET_NAME)";
				SWIFT_VERSION = 5.0;
				TARGETED_DEVICE_FAMILY = "1,2";
			};
			name = Release;
		};
		B65BB561251BFDE300C598A5 /* Debug */ = {
			isa = XCBuildConfiguration;
			baseConfigurationReference = 823B71158EDA047199F4DE94 /* Pods-Flixster_iOSTests.debug.xcconfig */;
			buildSettings = {
				ALWAYS_EMBED_SWIFT_STANDARD_LIBRARIES = YES;
				BUNDLE_LOADER = "$(TEST_HOST)";
				CODE_SIGN_STYLE = Automatic;
				INFOPLIST_FILE = Flixster_iOSTests/Info.plist;
				IPHONEOS_DEPLOYMENT_TARGET = 14.0;
				LD_RUNPATH_SEARCH_PATHS = (
					"$(inherited)",
					"@executable_path/Frameworks",
					"@loader_path/Frameworks",
				);
				PRODUCT_BUNDLE_IDENTIFIER = "com.jess-izuu.Flixster-iOSTests";
				PRODUCT_NAME = "$(TARGET_NAME)";
				SWIFT_VERSION = 5.0;
				TARGETED_DEVICE_FAMILY = "1,2";
				TEST_HOST = "$(BUILT_PRODUCTS_DIR)/Flixster_iOS.app/Flixster_iOS";
			};
			name = Debug;
		};
		B65BB562251BFDE300C598A5 /* Release */ = {
			isa = XCBuildConfiguration;
			baseConfigurationReference = EEC8D712947C2DAFC8959B2F /* Pods-Flixster_iOSTests.release.xcconfig */;
			buildSettings = {
				ALWAYS_EMBED_SWIFT_STANDARD_LIBRARIES = YES;
				BUNDLE_LOADER = "$(TEST_HOST)";
				CODE_SIGN_STYLE = Automatic;
				INFOPLIST_FILE = Flixster_iOSTests/Info.plist;
				IPHONEOS_DEPLOYMENT_TARGET = 14.0;
				LD_RUNPATH_SEARCH_PATHS = (
					"$(inherited)",
					"@executable_path/Frameworks",
					"@loader_path/Frameworks",
				);
				PRODUCT_BUNDLE_IDENTIFIER = "com.jess-izuu.Flixster-iOSTests";
				PRODUCT_NAME = "$(TARGET_NAME)";
				SWIFT_VERSION = 5.0;
				TARGETED_DEVICE_FAMILY = "1,2";
				TEST_HOST = "$(BUILT_PRODUCTS_DIR)/Flixster_iOS.app/Flixster_iOS";
			};
			name = Release;
		};
		B65BB564251BFDE300C598A5 /* Debug */ = {
			isa = XCBuildConfiguration;
			baseConfigurationReference = EFC82DD11F033A6D7C7FE77D /* Pods-Flixster_iOS-Flixster_iOSUITests.debug.xcconfig */;
			buildSettings = {
				ALWAYS_EMBED_SWIFT_STANDARD_LIBRARIES = YES;
				CODE_SIGN_STYLE = Automatic;
				INFOPLIST_FILE = Flixster_iOSUITests/Info.plist;
				LD_RUNPATH_SEARCH_PATHS = (
					"$(inherited)",
					"@executable_path/Frameworks",
					"@loader_path/Frameworks",
				);
				PRODUCT_BUNDLE_IDENTIFIER = "com.jess-izuu.Flixster-iOSUITests";
				PRODUCT_NAME = "$(TARGET_NAME)";
				SWIFT_VERSION = 5.0;
				TARGETED_DEVICE_FAMILY = "1,2";
				TEST_TARGET_NAME = Flixster_iOS;
			};
			name = Debug;
		};
		B65BB565251BFDE300C598A5 /* Release */ = {
			isa = XCBuildConfiguration;
			baseConfigurationReference = 726439D069CD3357955B0559 /* Pods-Flixster_iOS-Flixster_iOSUITests.release.xcconfig */;
			buildSettings = {
				ALWAYS_EMBED_SWIFT_STANDARD_LIBRARIES = YES;
				CODE_SIGN_STYLE = Automatic;
				INFOPLIST_FILE = Flixster_iOSUITests/Info.plist;
				LD_RUNPATH_SEARCH_PATHS = (
					"$(inherited)",
					"@executable_path/Frameworks",
					"@loader_path/Frameworks",
				);
				PRODUCT_BUNDLE_IDENTIFIER = "com.jess-izuu.Flixster-iOSUITests";
				PRODUCT_NAME = "$(TARGET_NAME)";
				SWIFT_VERSION = 5.0;
				TARGETED_DEVICE_FAMILY = "1,2";
				TEST_TARGET_NAME = Flixster_iOS;
			};
			name = Release;
		};
/* End XCBuildConfiguration section */

/* Begin XCConfigurationList section */
		B65BB52E251BFDDD00C598A5 /* Build configuration list for PBXProject "Flixster_iOS" */ = {
			isa = XCConfigurationList;
			buildConfigurations = (
				B65BB55B251BFDE300C598A5 /* Debug */,
				B65BB55C251BFDE300C598A5 /* Release */,
			);
			defaultConfigurationIsVisible = 0;
			defaultConfigurationName = Release;
		};
		B65BB55D251BFDE300C598A5 /* Build configuration list for PBXNativeTarget "Flixster_iOS" */ = {
			isa = XCConfigurationList;
			buildConfigurations = (
				B65BB55E251BFDE300C598A5 /* Debug */,
				B65BB55F251BFDE300C598A5 /* Release */,
			);
			defaultConfigurationIsVisible = 0;
			defaultConfigurationName = Release;
		};
		B65BB560251BFDE300C598A5 /* Build configuration list for PBXNativeTarget "Flixster_iOSTests" */ = {
			isa = XCConfigurationList;
			buildConfigurations = (
				B65BB561251BFDE300C598A5 /* Debug */,
				B65BB562251BFDE300C598A5 /* Release */,
			);
			defaultConfigurationIsVisible = 0;
			defaultConfigurationName = Release;
		};
		B65BB563251BFDE300C598A5 /* Build configuration list for PBXNativeTarget "Flixster_iOSUITests" */ = {
			isa = XCConfigurationList;
			buildConfigurations = (
				B65BB564251BFDE300C598A5 /* Debug */,
				B65BB565251BFDE300C598A5 /* Release */,
			);
			defaultConfigurationIsVisible = 0;
			defaultConfigurationName = Release;
		};
/* End XCConfigurationList section */
	};
	rootObject = B65BB52B251BFDDD00C598A5 /* Project object */;
}
